Microsoft Visual Studio Solution File, Format Version 12.00
# Visual Studio Version 16
VisualStudioVersion = 16.0.29920.165
MinimumVisualStudioVersion = 15.0.26124.0

Project("{9A19103F-16F7-4668-BE54-9A1E7A4F7556}") = "WinUIApp", "WinUIApp\WinUIApp.csproj", "{A5B8155A-119F-4794-B551-C6F3CF7E5411}"
EndProject




Project("{9A19103F-16F7-4668-BE54-9A1E7A4F7556}") = "WinUIApp.Skia.Gtk", "WinUIApp.Skia.Gtk\WinUIApp.Skia.Gtk.csproj", "{A5B8155A-118F-4794-B551-C6F3CF7E5411}"
EndProject


Project("{9A19103F-16F7-4668-BE54-9A1E7A4F7556}") = "WinUIApp.Windows", "WinUIApp.Windows\WinUIApp.Windows.csproj", "{1AA13270-F438-4864-9435-54FD806E10EA}"
EndProject


Global
	GlobalSection(SharedMSBuildProjectFiles) = preSolution
		WinUIApp.Shared\WinUIApp.Shared.projitems*{1aa13270-f438-4864-9435-54fd806e10ea}*SharedItemsImports = 5
		WinUIApp.Shared\WinUIApp.Shared.projitems*{B7A52B52-6BE7-4752-B2B7-F123F4F5EB12}*SharedItemsImports = 4
		WinUIApp.Shared\WinUIApp.Shared.projitems*{40ea03f7-8a22-4143-b251-79bac3eb13d2}*SharedItemsImports = 5
		WinUIApp.Shared\WinUIApp.Shared.projitems*{EE84BE1D-1D29-456F-B39D-290A09ACA2A1}*SharedItemsImports = 5
		WinUIApp.Shared\WinUIApp.Shared.projitems*{8065F656-9B1E-45EC-BB6E-1BD308F9307F}*SharedItemsImports = 4
		WinUIApp.Shared\WinUIApp.Shared.projitems*{24D814B7-31C1-470E-9257-4C82175B93AC}*SharedItemsImports = 4
		WinUIApp.Shared\WinUIApp.Shared.projitems*{a5b8155a-118f-4794-b551-c6f3cf7e5411}*SharedItemsImports = 5
		WinUIApp.Shared\WinUIApp.Shared.projitems*{1CF4AE61-7B39-4294-8D5A-47114BD796DB}*SharedItemsImports = 4
	EndGlobalSection
	GlobalSection(SolutionConfigurationPlatforms) = preSolution
		Debug|Any CPU = Debug|Any CPU
		Debug|ARM = Debug|ARM
		Debug|ARM64 = Debug|ARM64
		Debug|iPhone = Debug|iPhone
		Debug|iPhoneSimulator = Debug|iPhoneSimulator
		Debug|x64 = Debug|x64
		Debug|x86 = Debug|x86
		Release|Any CPU = Release|Any CPU
		Release|ARM = Release|ARM
		Release|ARM64 = Release|ARM64
		Release|iPhone = Release|iPhone
		Release|iPhoneSimulator = Release|iPhoneSimulator
		Release|x64 = Release|x64
		Release|x86 = Release|x86
	EndGlobalSection
	GlobalSection(ProjectConfigurationPlatforms) = postSolution
		{1CF4AE61-7B39-4294-8D5A-47114BD796DB}.Debug|Any CPU.ActiveCfg = Debug|Any CPU
		{1CF4AE61-7B39-4294-8D5A-47114BD796DB}.Debug|Any CPU.Build.0 = Debug|Any CPU
		{1CF4AE61-7B39-4294-8D5A-47114BD796DB}.Debug|Any CPU.Deploy.0 = Debug|Any CPU
		{1CF4AE61-7B39-4294-8D5A-47114BD796DB}.Debug|ARM.ActiveCfg = Debug|Any CPU
		{1CF4AE61-7B39-4294-8D5A-47114BD796DB}.Debug|ARM.Build.0 = Debug|Any CPU
		{1CF4AE61-7B39-4294-8D5A-47114BD796DB}.Debug|ARM.Deploy.0 = Debug|Any CPU
		{1CF4AE61-7B39-4294-8D5A-47114BD796DB}.Debug|ARM64.ActiveCfg = Debug|Any CPU
		{1CF4AE61-7B39-4294-8D5A-47114BD796DB}.Debug|ARM64.Build.0 = Debug|Any CPU
		{1CF4AE61-7B39-4294-8D5A-47114BD796DB}.Debug|ARM64.Deploy.0 = Debug|Any CPU
		{1CF4AE61-7B39-4294-8D5A-47114BD796DB}.Debug|iPhone.ActiveCfg = Debug|Any CPU
		{1CF4AE61-7B39-4294-8D5A-47114BD796DB}.Debug|iPhone.Build.0 = Debug|Any CPU
		{1CF4AE61-7B39-4294-8D5A-47114BD796DB}.Debug|iPhone.Deploy.0 = Debug|Any CPU
		{1CF4AE61-7B39-4294-8D5A-47114BD796DB}.Debug|iPhoneSimulator.ActiveCfg = Debug|Any CPU
		{1CF4AE61-7B39-4294-8D5A-47114BD796DB}.Debug|iPhoneSimulator.Build.0 = Debug|Any CPU
		{1CF4AE61-7B39-4294-8D5A-47114BD796DB}.Debug|iPhoneSimulator.Deploy.0 = Debug|Any CPU
		{1CF4AE61-7B39-4294-8D5A-47114BD796DB}.Debug|x64.ActiveCfg = Debug|Any CPU
		{1CF4AE61-7B39-4294-8D5A-47114BD796DB}.Debug|x64.Build.0 = Debug|Any CPU
		{1CF4AE61-7B39-4294-8D5A-47114BD796DB}.Debug|x64.Deploy.0 = Debug|Any CPU
		{1CF4AE61-7B39-4294-8D5A-47114BD796DB}.Debug|x86.ActiveCfg = Debug|Any CPU
		{1CF4AE61-7B39-4294-8D5A-47114BD796DB}.Debug|x86.Build.0 = Debug|Any CPU
		{1CF4AE61-7B39-4294-8D5A-47114BD796DB}.Debug|x86.Deploy.0 = Debug|Any CPU

		{1CF4AE61-7B39-4294-8D5A-47114BD796DB}.Release|Any CPU.ActiveCfg = Release|Any CPU
		{1CF4AE61-7B39-4294-8D5A-47114BD796DB}.Release|Any CPU.Build.0 = Release|Any CPU
		{1CF4AE61-7B39-4294-8D5A-47114BD796DB}.Release|Any CPU.Deploy.0 = Release|Any CPU
		{1CF4AE61-7B39-4294-8D5A-47114BD796DB}.Release|ARM.ActiveCfg = Release|Any CPU
		{1CF4AE61-7B39-4294-8D5A-47114BD796DB}.Release|ARM.Build.0 = Release|Any CPU
		{1CF4AE61-7B39-4294-8D5A-47114BD796DB}.Release|ARM.Deploy.0 = Release|Any CPU
		{1CF4AE61-7B39-4294-8D5A-47114BD796DB}.Release|ARM64.ActiveCfg = Release|Any CPU
		{1CF4AE61-7B39-4294-8D5A-47114BD796DB}.Release|ARM64.Build.0 = Release|Any CPU
		{1CF4AE61-7B39-4294-8D5A-47114BD796DB}.Release|ARM64.Deploy.0 = Release|Any CPU
		{1CF4AE61-7B39-4294-8D5A-47114BD796DB}.Release|iPhone.ActiveCfg = Release|Any CPU
		{1CF4AE61-7B39-4294-8D5A-47114BD796DB}.Release|iPhone.Build.0 = Release|Any CPU
		{1CF4AE61-7B39-4294-8D5A-47114BD796DB}.Release|iPhone.Deploy.0 = Release|Any CPU
		{1CF4AE61-7B39-4294-8D5A-47114BD796DB}.Release|iPhoneSimulator.ActiveCfg = Release|Any CPU
		{1CF4AE61-7B39-4294-8D5A-47114BD796DB}.Release|iPhoneSimulator.Build.0 = Release|Any CPU
		{1CF4AE61-7B39-4294-8D5A-47114BD796DB}.Release|iPhoneSimulator.Deploy.0 = Release|Any CPU
		{1CF4AE61-7B39-4294-8D5A-47114BD796DB}.Release|x64.ActiveCfg = Release|Any CPU
		{1CF4AE61-7B39-4294-8D5A-47114BD796DB}.Release|x64.Build.0 = Release|Any CPU
		{1CF4AE61-7B39-4294-8D5A-47114BD796DB}.Release|x64.Deploy.0 = Release|Any CPU
		{1CF4AE61-7B39-4294-8D5A-47114BD796DB}.Release|x86.ActiveCfg = Release|Any CPU
		{1CF4AE61-7B39-4294-8D5A-47114BD796DB}.Release|x86.Build.0 = Release|Any CPU
		{1CF4AE61-7B39-4294-8D5A-47114BD796DB}.Release|x86.Deploy.0 = Release|Any CPU
		{24D814B7-31C1-470E-9257-4C82175B93AC}.Debug|Any CPU.ActiveCfg = Debug|iPhone
		{24D814B7-31C1-470E-9257-4C82175B93AC}.Debug|Any CPU.Build.0 = Debug|iPhone
		{24D814B7-31C1-470E-9257-4C82175B93AC}.Debug|Any CPU.Deploy.0 = Debug|iPhone
		{24D814B7-31C1-470E-9257-4C82175B93AC}.Debug|ARM.ActiveCfg = Debug|iPhone
		{24D814B7-31C1-470E-9257-4C82175B93AC}.Debug|ARM64.ActiveCfg = Debug|iPhone
		{24D814B7-31C1-470E-9257-4C82175B93AC}.Debug|iPhone.ActiveCfg = Debug|iPhone
		{24D814B7-31C1-470E-9257-4C82175B93AC}.Debug|iPhone.Build.0 = Debug|iPhone
		{24D814B7-31C1-470E-9257-4C82175B93AC}.Debug|iPhoneSimulator.ActiveCfg = Debug|iPhoneSimulator
		{24D814B7-31C1-470E-9257-4C82175B93AC}.Debug|iPhoneSimulator.Build.0 = Debug|iPhoneSimulator
		{24D814B7-31C1-470E-9257-4C82175B93AC}.Debug|x64.ActiveCfg = Debug|iPhone
		{24D814B7-31C1-470E-9257-4C82175B93AC}.Debug|x64.Build.0 = Debug|iPhone
		{24D814B7-31C1-470E-9257-4C82175B93AC}.Debug|x64.Deploy.0 = Debug|iPhone
		{24D814B7-31C1-470E-9257-4C82175B93AC}.Debug|x86.ActiveCfg = Debug|iPhoneSimulator
		{24D814B7-31C1-470E-9257-4C82175B93AC}.Debug|x86.Build.0 = Debug|iPhoneSimulator
		{24D814B7-31C1-470E-9257-4C82175B93AC}.Debug|x86.Deploy.0 = Debug|iPhoneSimulator
		{24D814B7-31C1-470E-9257-4C82175B93AC}.Release|Any CPU.ActiveCfg = Release|iPhone
		{24D814B7-31C1-470E-9257-4C82175B93AC}.Release|ARM.ActiveCfg = Release|iPhone
		{24D814B7-31C1-470E-9257-4C82175B93AC}.Release|ARM64.ActiveCfg = Release|iPhone
		{24D814B7-31C1-470E-9257-4C82175B93AC}.Release|iPhone.ActiveCfg = Release|iPhone
		{24D814B7-31C1-470E-9257-4C82175B93AC}.Release|iPhone.Build.0 = Release|iPhone
		{24D814B7-31C1-470E-9257-4C82175B93AC}.Release|iPhoneSimulator.ActiveCfg = Release|iPhoneSimulator
		{24D814B7-31C1-470E-9257-4C82175B93AC}.Release|iPhoneSimulator.Build.0 = Release|iPhoneSimulator
		{24D814B7-31C1-470E-9257-4C82175B93AC}.Release|x64.ActiveCfg = Release|iPhoneSimulator
		{24D814B7-31C1-470E-9257-4C82175B93AC}.Release|x64.Build.0 = Release|iPhoneSimulator
		{24D814B7-31C1-470E-9257-4C82175B93AC}.Release|x64.Deploy.0 = Release|iPhoneSimulator
		{24D814B7-31C1-470E-9257-4C82175B93AC}.Release|x86.ActiveCfg = Release|iPhoneSimulator
		{24D814B7-31C1-470E-9257-4C82175B93AC}.Release|x86.Build.0 = Release|iPhoneSimulator

		{8065F656-9B1E-45EC-BB6E-1BD308F9307F}.Debug|Any CPU.ActiveCfg = Debug|x86
		{8065F656-9B1E-45EC-BB6E-1BD308F9307F}.Debug|Any CPU.Build.0 = Debug|x86
		{8065F656-9B1E-45EC-BB6E-1BD308F9307F}.Debug|Any CPU.Deploy.0 = Debug|x86
		{8065F656-9B1E-45EC-BB6E-1BD308F9307F}.Debug|ARM.ActiveCfg = Debug|ARM
		{8065F656-9B1E-45EC-BB6E-1BD308F9307F}.Debug|ARM.Build.0 = Debug|ARM
		{8065F656-9B1E-45EC-BB6E-1BD308F9307F}.Debug|ARM.Deploy.0 = Debug|ARM
		{8065F656-9B1E-45EC-BB6E-1BD308F9307F}.Debug|ARM64.ActiveCfg = Debug|ARM64
		{8065F656-9B1E-45EC-BB6E-1BD308F9307F}.Debug|ARM64.Build.0 = Debug|ARM64
		{8065F656-9B1E-45EC-BB6E-1BD308F9307F}.Debug|ARM64.Deploy.0 = Debug|ARM64
		{8065F656-9B1E-45EC-BB6E-1BD308F9307F}.Debug|iPhone.ActiveCfg = Debug|x86
		{8065F656-9B1E-45EC-BB6E-1BD308F9307F}.Debug|iPhone.Build.0 = Debug|x86
		{8065F656-9B1E-45EC-BB6E-1BD308F9307F}.Debug|iPhone.Deploy.0 = Debug|x86
		{8065F656-9B1E-45EC-BB6E-1BD308F9307F}.Debug|iPhoneSimulator.ActiveCfg = Debug|x86
		{8065F656-9B1E-45EC-BB6E-1BD308F9307F}.Debug|iPhoneSimulator.Build.0 = Debug|x86
		{8065F656-9B1E-45EC-BB6E-1BD308F9307F}.Debug|iPhoneSimulator.Deploy.0 = Debug|x86
		{8065F656-9B1E-45EC-BB6E-1BD308F9307F}.Debug|x64.ActiveCfg = Debug|x64
		{8065F656-9B1E-45EC-BB6E-1BD308F9307F}.Debug|x64.Build.0 = Debug|x64
		{8065F656-9B1E-45EC-BB6E-1BD308F9307F}.Debug|x64.Deploy.0 = Debug|x64
		{8065F656-9B1E-45EC-BB6E-1BD308F9307F}.Debug|x86.ActiveCfg = Debug|x86
		{8065F656-9B1E-45EC-BB6E-1BD308F9307F}.Debug|x86.Build.0 = Debug|x86
		{8065F656-9B1E-45EC-BB6E-1BD308F9307F}.Debug|x86.Deploy.0 = Debug|x86
		{8065F656-9B1E-45EC-BB6E-1BD308F9307F}.Release|Any CPU.ActiveCfg = Release|x86
		{8065F656-9B1E-45EC-BB6E-1BD308F9307F}.Release|ARM.ActiveCfg = Release|ARM
		{8065F656-9B1E-45EC-BB6E-1BD308F9307F}.Release|ARM.Build.0 = Release|ARM
		{8065F656-9B1E-45EC-BB6E-1BD308F9307F}.Release|ARM.Deploy.0 = Release|ARM
		{8065F656-9B1E-45EC-BB6E-1BD308F9307F}.Release|ARM64.ActiveCfg = Release|ARM64
		{8065F656-9B1E-45EC-BB6E-1BD308F9307F}.Release|ARM64.Build.0 = Release|ARM64
		{8065F656-9B1E-45EC-BB6E-1BD308F9307F}.Release|ARM64.Deploy.0 = Release|ARM64
		{8065F656-9B1E-45EC-BB6E-1BD308F9307F}.Release|iPhone.ActiveCfg = Release|x86
		{8065F656-9B1E-45EC-BB6E-1BD308F9307F}.Release|iPhone.Build.0 = Release|x86
		{8065F656-9B1E-45EC-BB6E-1BD308F9307F}.Release|iPhoneSimulator.ActiveCfg = Release|x86
		{8065F656-9B1E-45EC-BB6E-1BD308F9307F}.Release|iPhoneSimulator.Build.0 = Release|x86
		{8065F656-9B1E-45EC-BB6E-1BD308F9307F}.Release|iPhoneSimulator.Deploy.0 = Release|x86
		{8065F656-9B1E-45EC-BB6E-1BD308F9307F}.Release|x64.ActiveCfg = Release|x64
		{8065F656-9B1E-45EC-BB6E-1BD308F9307F}.Release|x64.Build.0 = Release|x64
		{8065F656-9B1E-45EC-BB6E-1BD308F9307F}.Release|x64.Deploy.0 = Release|x64
		{8065F656-9B1E-45EC-BB6E-1BD308F9307F}.Release|x86.ActiveCfg = Release|x86
		{8065F656-9B1E-45EC-BB6E-1BD308F9307F}.Release|x86.Build.0 = Release|x86
		{8065F656-9B1E-45EC-BB6E-1BD308F9307F}.Release|x86.Deploy.0 = Release|x86

		{EE84BE1D-1D29-456F-B39D-290A09ACA2A1}.Debug|Any CPU.ActiveCfg = Debug|Any CPU
		{EE84BE1D-1D29-456F-B39D-290A09ACA2A1}.Debug|Any CPU.Build.0 = Debug|Any CPU
		{EE84BE1D-1D29-456F-B39D-290A09ACA2A1}.Debug|Any CPU.Deploy.0 = Debug|Any CPU
		{EE84BE1D-1D29-456F-B39D-290A09ACA2A1}.Debug|ARM.ActiveCfg = Debug|Any CPU
		{EE84BE1D-1D29-456F-B39D-290A09ACA2A1}.Debug|ARM.Build.0 = Debug|Any CPU
		{EE84BE1D-1D29-456F-B39D-290A09ACA2A1}.Debug|ARM.Deploy.0 = Debug|Any CPU
		{EE84BE1D-1D29-456F-B39D-290A09ACA2A1}.Debug|ARM64.ActiveCfg = Debug|Any CPU
		{EE84BE1D-1D29-456F-B39D-290A09ACA2A1}.Debug|ARM64.Build.0 = Debug|Any CPU
		{EE84BE1D-1D29-456F-B39D-290A09ACA2A1}.Debug|ARM64.Deploy.0 = Debug|Any CPU
		{EE84BE1D-1D29-456F-B39D-290A09ACA2A1}.Debug|iPhone.ActiveCfg = Debug|Any CPU
		{EE84BE1D-1D29-456F-B39D-290A09ACA2A1}.Debug|iPhone.Build.0 = Debug|Any CPU
		{EE84BE1D-1D29-456F-B39D-290A09ACA2A1}.Debug|iPhone.Deploy.0 = Debug|Any CPU
		{EE84BE1D-1D29-456F-B39D-290A09ACA2A1}.Debug|iPhoneSimulator.ActiveCfg = Debug|Any CPU
		{EE84BE1D-1D29-456F-B39D-290A09ACA2A1}.Debug|iPhoneSimulator.Build.0 = Debug|Any CPU
		{EE84BE1D-1D29-456F-B39D-290A09ACA2A1}.Debug|iPhoneSimulator.Deploy.0 = Debug|Any CPU
		{EE84BE1D-1D29-456F-B39D-290A09ACA2A1}.Debug|x64.ActiveCfg = Debug|Any CPU
		{EE84BE1D-1D29-456F-B39D-290A09ACA2A1}.Debug|x64.Build.0 = Debug|Any CPU
		{EE84BE1D-1D29-456F-B39D-290A09ACA2A1}.Debug|x64.Deploy.0 = Debug|Any CPU
		{EE84BE1D-1D29-456F-B39D-290A09ACA2A1}.Debug|x86.ActiveCfg = Debug|Any CPU
		{EE84BE1D-1D29-456F-B39D-290A09ACA2A1}.Debug|x86.Build.0 = Debug|Any CPU
		{EE84BE1D-1D29-456F-B39D-290A09ACA2A1}.Debug|x86.Deploy.0 = Debug|Any CPU
		{EE84BE1D-1D29-456F-B39D-290A09ACA2A1}.Release|Any CPU.ActiveCfg = Release|Any CPU
		{EE84BE1D-1D29-456F-B39D-290A09ACA2A1}.Release|Any CPU.Build.0 = Release|Any CPU
		{EE84BE1D-1D29-456F-B39D-290A09ACA2A1}.Release|ARM.ActiveCfg = Release|Any CPU
		{EE84BE1D-1D29-456F-B39D-290A09ACA2A1}.Release|ARM.Build.0 = Release|Any CPU
		{EE84BE1D-1D29-456F-B39D-290A09ACA2A1}.Release|ARM.Deploy.0 = Release|Any CPU
		{EE84BE1D-1D29-456F-B39D-290A09ACA2A1}.Release|ARM64.ActiveCfg = Release|Any CPU
		{EE84BE1D-1D29-456F-B39D-290A09ACA2A1}.Release|ARM64.Build.0 = Release|Any CPU
		{EE84BE1D-1D29-456F-B39D-290A09ACA2A1}.Release|ARM64.Deploy.0 = Release|Any CPU
		{EE84BE1D-1D29-456F-B39D-290A09ACA2A1}.Release|iPhone.ActiveCfg = Release|Any CPU
		{EE84BE1D-1D29-456F-B39D-290A09ACA2A1}.Release|iPhone.Build.0 = Release|Any CPU
		{EE84BE1D-1D29-456F-B39D-290A09ACA2A1}.Release|iPhoneSimulator.ActiveCfg = Release|Any CPU
		{EE84BE1D-1D29-456F-B39D-290A09ACA2A1}.Release|iPhoneSimulator.Build.0 = Release|Any CPU
		{EE84BE1D-1D29-456F-B39D-290A09ACA2A1}.Release|iPhoneSimulator.Deploy.0 = Release|Any CPU
		{EE84BE1D-1D29-456F-B39D-290A09ACA2A1}.Release|x64.ActiveCfg = Release|Any CPU
		{EE84BE1D-1D29-456F-B39D-290A09ACA2A1}.Release|x64.Build.0 = Release|Any CPU
		{EE84BE1D-1D29-456F-B39D-290A09ACA2A1}.Release|x64.Deploy.0 = Release|Any CPU
		{EE84BE1D-1D29-456F-B39D-290A09ACA2A1}.Release|x86.ActiveCfg = Release|Any CPU
		{EE84BE1D-1D29-456F-B39D-290A09ACA2A1}.Release|x86.Build.0 = Release|Any CPU
		{EE84BE1D-1D29-456F-B39D-290A09ACA2A1}.Release|x86.Deploy.0 = Release|Any CPU

		{A5B8155A-118F-4794-B551-C6F3CF7E5411}.Debug|Any CPU.ActiveCfg = Debug|Any CPU
		{A5B8155A-118F-4794-B551-C6F3CF7E5411}.Debug|Any CPU.Build.0 = Debug|Any CPU
		{A5B8155A-118F-4794-B551-C6F3CF7E5411}.Debug|ARM.ActiveCfg = Debug|Any CPU
		{A5B8155A-118F-4794-B551-C6F3CF7E5411}.Debug|ARM.Build.0 = Debug|Any CPU
		{A5B8155A-118F-4794-B551-C6F3CF7E5411}.Debug|ARM64.ActiveCfg = Debug|Any CPU
		{A5B8155A-118F-4794-B551-C6F3CF7E5411}.Debug|ARM64.Build.0 = Debug|Any CPU
		{A5B8155A-118F-4794-B551-C6F3CF7E5411}.Debug|iPhone.ActiveCfg = Debug|Any CPU
		{A5B8155A-118F-4794-B551-C6F3CF7E5411}.Debug|iPhone.Build.0 = Debug|Any CPU
		{A5B8155A-118F-4794-B551-C6F3CF7E5411}.Debug|iPhoneSimulator.ActiveCfg = Debug|Any CPU
		{A5B8155A-118F-4794-B551-C6F3CF7E5411}.Debug|iPhoneSimulator.Build.0 = Debug|Any CPU
		{A5B8155A-118F-4794-B551-C6F3CF7E5411}.Debug|x64.ActiveCfg = Debug|Any CPU
		{A5B8155A-118F-4794-B551-C6F3CF7E5411}.Debug|x64.Build.0 = Debug|Any CPU
		{A5B8155A-118F-4794-B551-C6F3CF7E5411}.Debug|x86.ActiveCfg = Debug|Any CPU
		{A5B8155A-118F-4794-B551-C6F3CF7E5411}.Debug|x86.Build.0 = Debug|Any CPU
		{A5B8155A-118F-4794-B551-C6F3CF7E5411}.Release|Any CPU.ActiveCfg = Release|Any CPU
		{A5B8155A-118F-4794-B551-C6F3CF7E5411}.Release|Any CPU.Build.0 = Release|Any CPU
		{A5B8155A-118F-4794-B551-C6F3CF7E5411}.Release|ARM.ActiveCfg = Release|Any CPU
		{A5B8155A-118F-4794-B551-C6F3CF7E5411}.Release|ARM.Build.0 = Release|Any CPU
		{A5B8155A-118F-4794-B551-C6F3CF7E5411}.Release|ARM64.ActiveCfg = Release|Any CPU
		{A5B8155A-118F-4794-B551-C6F3CF7E5411}.Release|ARM64.Build.0 = Release|Any CPU
		{A5B8155A-118F-4794-B551-C6F3CF7E5411}.Release|iPhone.ActiveCfg = Release|Any CPU
		{A5B8155A-118F-4794-B551-C6F3CF7E5411}.Release|iPhone.Build.0 = Release|Any CPU
		{A5B8155A-118F-4794-B551-C6F3CF7E5411}.Release|iPhoneSimulator.ActiveCfg = Release|Any CPU
		{A5B8155A-118F-4794-B551-C6F3CF7E5411}.Release|iPhoneSimulator.Build.0 = Release|Any CPU
		{A5B8155A-118F-4794-B551-C6F3CF7E5411}.Release|x64.ActiveCfg = Release|Any CPU
		{A5B8155A-118F-4794-B551-C6F3CF7E5411}.Release|x64.Build.0 = Release|Any CPU
		{A5B8155A-118F-4794-B551-C6F3CF7E5411}.Release|x86.ActiveCfg = Release|Any CPU
		{A5B8155A-118F-4794-B551-C6F3CF7E5411}.Release|x86.Build.0 = Release|Any CPU
		{1AA13270-F438-4864-9435-54FD806E10EA}.Debug|Any CPU.ActiveCfg = Debug|x86
		{1AA13270-F438-4864-9435-54FD806E10EA}.Debug|Any CPU.Build.0 = Debug|x86
		{1AA13270-F438-4864-9435-54FD806E10EA}.Debug|Any CPU.Deploy.0 = Debug|x86
		{1AA13270-F438-4864-9435-54FD806E10EA}.Debug|ARM.ActiveCfg = Debug|Any CPU
		{1AA13270-F438-4864-9435-54FD806E10EA}.Debug|ARM.Build.0 = Debug|Any CPU
		{1AA13270-F438-4864-9435-54FD806E10EA}.Debug|ARM64.ActiveCfg = Debug|x86
		{1AA13270-F438-4864-9435-54FD806E10EA}.Debug|ARM64.Build.0 = Debug|x86
		{1AA13270-F438-4864-9435-54FD806E10EA}.Debug|iPhone.ActiveCfg = Debug|Any CPU
		{1AA13270-F438-4864-9435-54FD806E10EA}.Debug|iPhone.Build.0 = Debug|Any CPU
		{1AA13270-F438-4864-9435-54FD806E10EA}.Debug|iPhoneSimulator.ActiveCfg = Debug|Any CPU
		{1AA13270-F438-4864-9435-54FD806E10EA}.Debug|iPhoneSimulator.Build.0 = Debug|Any CPU
		{1AA13270-F438-4864-9435-54FD806E10EA}.Debug|x64.ActiveCfg = Debug|x64
		{1AA13270-F438-4864-9435-54FD806E10EA}.Debug|x64.Build.0 = Debug|x64
		{1AA13270-F438-4864-9435-54FD806E10EA}.Debug|x64.Deploy.0 = Debug|x64
		{1AA13270-F438-4864-9435-54FD806E10EA}.Debug|x86.ActiveCfg = Debug|x86
		{1AA13270-F438-4864-9435-54FD806E10EA}.Debug|x86.Build.0 = Debug|x86
		{1AA13270-F438-4864-9435-54FD806E10EA}.Debug|x86.Deploy.0 = Debug|x86
		{1AA13270-F438-4864-9435-54FD806E10EA}.Release|Any CPU.ActiveCfg = Release|Any CPU
		{1AA13270-F438-4864-9435-54FD806E10EA}.Release|Any CPU.Build.0 = Release|Any CPU
		{1AA13270-F438-4864-9435-54FD806E10EA}.Release|Any CPU.Deploy.0 = Release|Any CPU
		{1AA13270-F438-4864-9435-54FD806E10EA}.Release|ARM.ActiveCfg = Release|Any CPU
		{1AA13270-F438-4864-9435-54FD806E10EA}.Release|ARM.Build.0 = Release|Any CPU
		{1AA13270-F438-4864-9435-54FD806E10EA}.Release|ARM64.ActiveCfg = Release|x86
		{1AA13270-F438-4864-9435-54FD806E10EA}.Release|ARM64.Build.0 = Release|x86
		{1AA13270-F438-4864-9435-54FD806E10EA}.Release|iPhone.ActiveCfg = Release|Any CPU
		{1AA13270-F438-4864-9435-54FD806E10EA}.Release|iPhone.Build.0 = Release|Any CPU
		{1AA13270-F438-4864-9435-54FD806E10EA}.Release|iPhoneSimulator.ActiveCfg = Release|Any CPU
		{1AA13270-F438-4864-9435-54FD806E10EA}.Release|iPhoneSimulator.Build.0 = Release|Any CPU
		{1AA13270-F438-4864-9435-54FD806E10EA}.Release|x64.ActiveCfg = Release|x64
		{1AA13270-F438-4864-9435-54FD806E10EA}.Release|x64.Build.0 = Release|x64
		{1AA13270-F438-4864-9435-54FD806E10EA}.Release|x64.Deploy.0 = Release|x64
		{1AA13270-F438-4864-9435-54FD806E10EA}.Release|x86.ActiveCfg = Release|x86
		{1AA13270-F438-4864-9435-54FD806E10EA}.Release|x86.Build.0 = Release|x86
		{1AA13270-F438-4864-9435-54FD806E10EA}.Release|x86.Deploy.0 = Release|x86

		{40EA03F7-8A22-4143-B251-79BAC3EB13D2}.Debug|Any CPU.ActiveCfg = Debug|Any CPU
		{40EA03F7-8A22-4143-B251-79BAC3EB13D2}.Debug|Any CPU.Build.0 = Debug|Any CPU
		{40EA03F7-8A22-4143-B251-79BAC3EB13D2}.Debug|ARM.ActiveCfg = Debug|Any CPU
		{40EA03F7-8A22-4143-B251-79BAC3EB13D2}.Debug|ARM.Build.0 = Debug|Any CPU
		{40EA03F7-8A22-4143-B251-79BAC3EB13D2}.Debug|ARM64.ActiveCfg = Debug|Any CPU
		{40EA03F7-8A22-4143-B251-79BAC3EB13D2}.Debug|ARM64.Build.0 = Debug|Any CPU
		{40EA03F7-8A22-4143-B251-79BAC3EB13D2}.Debug|iPhone.ActiveCfg = Debug|Any CPU
		{40EA03F7-8A22-4143-B251-79BAC3EB13D2}.Debug|iPhone.Build.0 = Debug|Any CPU
		{40EA03F7-8A22-4143-B251-79BAC3EB13D2}.Debug|iPhoneSimulator.ActiveCfg = Debug|Any CPU
		{40EA03F7-8A22-4143-B251-79BAC3EB13D2}.Debug|iPhoneSimulator.Build.0 = Debug|Any CPU
		{40EA03F7-8A22-4143-B251-79BAC3EB13D2}.Debug|x64.ActiveCfg = Debug|Any CPU
		{40EA03F7-8A22-4143-B251-79BAC3EB13D2}.Debug|x64.Build.0 = Debug|Any CPU
		{40EA03F7-8A22-4143-B251-79BAC3EB13D2}.Debug|x86.ActiveCfg = Debug|Any CPU
		{40EA03F7-8A22-4143-B251-79BAC3EB13D2}.Debug|x86.Build.0 = Debug|Any CPU
		{40EA03F7-8A22-4143-B251-79BAC3EB13D2}.Release|Any CPU.ActiveCfg = Release|Any CPU
		{40EA03F7-8A22-4143-B251-79BAC3EB13D2}.Release|Any CPU.Build.0 = Release|Any CPU
		{40EA03F7-8A22-4143-B251-79BAC3EB13D2}.Release|ARM.ActiveCfg = Release|Any CPU
		{40EA03F7-8A22-4143-B251-79BAC3EB13D2}.Release|ARM.Build.0 = Release|Any CPU
		{40EA03F7-8A22-4143-B251-79BAC3EB13D2}.Release|ARM64.ActiveCfg = Release|Any CPU
		{40EA03F7-8A22-4143-B251-79BAC3EB13D2}.Release|ARM64.Build.0 = Release|Any CPU
		{40EA03F7-8A22-4143-B251-79BAC3EB13D2}.Release|iPhone.ActiveCfg = Release|Any CPU
		{40EA03F7-8A22-4143-B251-79BAC3EB13D2}.Release|iPhone.Build.0 = Release|Any CPU
		{40EA03F7-8A22-4143-B251-79BAC3EB13D2}.Release|iPhoneSimulator.ActiveCfg = Release|Any CPU
		{40EA03F7-8A22-4143-B251-79BAC3EB13D2}.Release|iPhoneSimulator.Build.0 = Release|Any CPU
		{40EA03F7-8A22-4143-B251-79BAC3EB13D2}.Release|x64.ActiveCfg = Release|Any CPU
		{40EA03F7-8A22-4143-B251-79BAC3EB13D2}.Release|x64.Build.0 = Release|Any CPU
		{40EA03F7-8A22-4143-B251-79BAC3EB13D2}.Release|x86.ActiveCfg = Release|Any CPU
		{40EA03F7-8A22-4143-B251-79BAC3EB13D2}.Release|x86.Build.0 = Release|Any CPU

		{A5B8155A-119F-4794-B551-C6F3CF7E5411}.Debug|Any CPU.ActiveCfg = Debug|Any CPU
		{A5B8155A-119F-4794-B551-C6F3CF7E5411}.Debug|Any CPU.Build.0 = Debug|Any CPU
		{A5B8155A-119F-4794-B551-C6F3CF7E5411}.Debug|ARM.ActiveCfg = Debug|Any CPU
		{A5B8155A-119F-4794-B551-C6F3CF7E5411}.Debug|ARM.Build.0 = Debug|Any CPU
		{A5B8155A-119F-4794-B551-C6F3CF7E5411}.Debug|ARM64.ActiveCfg = Debug|Any CPU
		{A5B8155A-119F-4794-B551-C6F3CF7E5411}.Debug|ARM64.Build.0 = Debug|Any CPU
		{A5B8155A-119F-4794-B551-C6F3CF7E5411}.Debug|iPhone.ActiveCfg = Debug|Any CPU
		{A5B8155A-119F-4794-B551-C6F3CF7E5411}.Debug|iPhone.Build.0 = Debug|Any CPU
		{A5B8155A-119F-4794-B551-C6F3CF7E5411}.Debug|iPhoneSimulator.ActiveCfg = Debug|Any CPU
		{A5B8155A-119F-4794-B551-C6F3CF7E5411}.Debug|iPhoneSimulator.Build.0 = Debug|Any CPU
		{A5B8155A-119F-4794-B551-C6F3CF7E5411}.Debug|x64.ActiveCfg = Debug|Any CPU
		{A5B8155A-119F-4794-B551-C6F3CF7E5411}.Debug|x64.Build.0 = Debug|Any CPU
		{A5B8155A-119F-4794-B551-C6F3CF7E5411}.Debug|x86.ActiveCfg = Debug|Any CPU
		{A5B8155A-119F-4794-B551-C6F3CF7E5411}.Debug|x86.Build.0 = Debug|Any CPU
		{A5B8155A-119F-4794-B551-C6F3CF7E5411}.Release|Any CPU.ActiveCfg = Release|Any CPU
		{A5B8155A-119F-4794-B551-C6F3CF7E5411}.Release|Any CPU.Build.0 = Release|Any CPU
		{A5B8155A-119F-4794-B551-C6F3CF7E5411}.Release|ARM.ActiveCfg = Release|Any CPU
		{A5B8155A-119F-4794-B551-C6F3CF7E5411}.Release|ARM.Build.0 = Release|Any CPU
		{A5B8155A-119F-4794-B551-C6F3CF7E5411}.Release|ARM64.ActiveCfg = Release|Any CPU
		{A5B8155A-119F-4794-B551-C6F3CF7E5411}.Release|ARM64.Build.0 = Release|Any CPU
		{A5B8155A-119F-4794-B551-C6F3CF7E5411}.Release|iPhone.ActiveCfg = Release|Any CPU
		{A5B8155A-119F-4794-B551-C6F3CF7E5411}.Release|iPhone.Build.0 = Release|Any CPU
		{A5B8155A-119F-4794-B551-C6F3CF7E5411}.Release|iPhoneSimulator.ActiveCfg = Release|Any CPU
		{A5B8155A-119F-4794-B551-C6F3CF7E5411}.Release|iPhoneSimulator.Build.0 = Release|Any CPU
		{A5B8155A-119F-4794-B551-C6F3CF7E5411}.Release|x64.ActiveCfg = Release|Any CPU
		{A5B8155A-119F-4794-B551-C6F3CF7E5411}.Release|x64.Build.0 = Release|Any CPU
		{A5B8155A-119F-4794-B551-C6F3CF7E5411}.Release|x86.ActiveCfg = Release|Any CPU
		{A5B8155A-119F-4794-B551-C6F3CF7E5411}.Release|x86.Build.0 = Release|Any CPU

		{40EA03F7-8A22-1234-B251-79BAC3EB13D2}.Debug|Any CPU.ActiveCfg = Debug|Any CPU
		{40EA03F7-8A22-1234-B251-79BAC3EB13D2}.Debug|Any CPU.Build.0 = Debug|Any CPU
		{40EA03F7-8A22-1234-B251-79BAC3EB13D2}.Debug|ARM.ActiveCfg = Debug|Any CPU
		{40EA03F7-8A22-1234-B251-79BAC3EB13D2}.Debug|ARM.Build.0 = Debug|Any CPU
		{40EA03F7-8A22-1234-B251-79BAC3EB13D2}.Debug|ARM64.ActiveCfg = Debug|Any CPU
		{40EA03F7-8A22-1234-B251-79BAC3EB13D2}.Debug|ARM64.Build.0 = Debug|Any CPU
		{40EA03F7-8A22-1234-B251-79BAC3EB13D2}.Debug|iPhone.ActiveCfg = Debug|Any CPU
		{40EA03F7-8A22-1234-B251-79BAC3EB13D2}.Debug|iPhone.Build.0 = Debug|Any CPU
		{40EA03F7-8A22-1234-B251-79BAC3EB13D2}.Debug|iPhoneSimulator.ActiveCfg = Debug|Any CPU
		{40EA03F7-8A22-1234-B251-79BAC3EB13D2}.Debug|iPhoneSimulator.Build.0 = Debug|Any CPU
		{40EA03F7-8A22-1234-B251-79BAC3EB13D2}.Debug|x64.ActiveCfg = Debug|Any CPU
		{40EA03F7-8A22-1234-B251-79BAC3EB13D2}.Debug|x64.Build.0 = Debug|Any CPU
		{40EA03F7-8A22-1234-B251-79BAC3EB13D2}.Debug|x86.ActiveCfg = Debug|Any CPU
		{40EA03F7-8A22-1234-B251-79BAC3EB13D2}.Debug|x86.Build.0 = Debug|Any CPU
		{40EA03F7-8A22-1234-B251-79BAC3EB13D2}.Release|Any CPU.ActiveCfg = Release|Any CPU
		{40EA03F7-8A22-1234-B251-79BAC3EB13D2}.Release|Any CPU.Build.0 = Release|Any CPU
		{40EA03F7-8A22-1234-B251-79BAC3EB13D2}.Release|ARM.ActiveCfg = Release|Any CPU
		{40EA03F7-8A22-1234-B251-79BAC3EB13D2}.Release|ARM.Build.0 = Release|Any CPU
		{40EA03F7-8A22-1234-B251-79BAC3EB13D2}.Release|ARM64.ActiveCfg = Release|Any CPU
		{40EA03F7-8A22-1234-B251-79BAC3EB13D2}.Release|ARM64.Build.0 = Release|Any CPU
		{40EA03F7-8A22-1234-B251-79BAC3EB13D2}.Release|iPhone.ActiveCfg = Release|Any CPU
		{40EA03F7-8A22-1234-B251-79BAC3EB13D2}.Release|iPhone.Build.0 = Release|Any CPU
		{40EA03F7-8A22-1234-B251-79BAC3EB13D2}.Release|iPhoneSimulator.ActiveCfg = Release|Any CPU
		{40EA03F7-8A22-1234-B251-79BAC3EB13D2}.Release|iPhoneSimulator.Build.0 = Release|Any CPU
		{40EA03F7-8A22-1234-B251-79BAC3EB13D2}.Release|x64.ActiveCfg = Release|Any CPU
		{40EA03F7-8A22-1234-B251-79BAC3EB13D2}.Release|x64.Build.0 = Release|Any CPU
		{40EA03F7-8A22-1234-B251-79BAC3EB13D2}.Release|x86.ActiveCfg = Release|Any CPU
		{40EA03F7-8A22-1234-B251-79BAC3EB13D2}.Release|x86.Build.0 = Release|Any CPU

		{B7A52B52-6BE7-4752-B2B7-F123F4F5EB12}.Debug|Any CPU.ActiveCfg = Debug|iPhoneSimulator
		{B7A52B52-6BE7-4752-B2B7-F123F4F5EB12}.Debug|Any CPU.Build.0 = Debug|iPhoneSimulator
		{B7A52B52-6BE7-4752-B2B7-F123F4F5EB12}.Debug|ARM.ActiveCfg = Debug|iPhoneSimulator
		{B7A52B52-6BE7-4752-B2B7-F123F4F5EB12}.Debug|ARM64.ActiveCfg = Debug|iPhoneSimulator
		{B7A52B52-6BE7-4752-B2B7-F123F4F5EB12}.Debug|iPhone.ActiveCfg = Debug|iPhoneSimulator
		{B7A52B52-6BE7-4752-B2B7-F123F4F5EB12}.Debug|iPhone.Build.0 = Debug|iPhoneSimulator
		{B7A52B52-6BE7-4752-B2B7-F123F4F5EB12}.Debug|iPhoneSimulator.ActiveCfg = Debug|iPhoneSimulator
		{B7A52B52-6BE7-4752-B2B7-F123F4F5EB12}.Debug|iPhoneSimulator.Build.0 = Debug|iPhoneSimulator
		{B7A52B52-6BE7-4752-B2B7-F123F4F5EB12}.Debug|x64.ActiveCfg = Debug|iPhoneSimulator
		{B7A52B52-6BE7-4752-B2B7-F123F4F5EB12}.Debug|x64.Build.0 = Debug|iPhoneSimulator
		{B7A52B52-6BE7-4752-B2B7-F123F4F5EB12}.Debug|x86.ActiveCfg = Debug|iPhoneSimulator
		{B7A52B52-6BE7-4752-B2B7-F123F4F5EB12}.Debug|x86.Build.0 = Debug|iPhoneSimulator
		{B7A52B52-6BE7-4752-B2B7-F123F4F5EB12}.Release|Any CPU.ActiveCfg = Release|iPhoneSimulator
		{B7A52B52-6BE7-4752-B2B7-F123F4F5EB12}.Release|ARM.ActiveCfg = Release|iPhoneSimulator
		{B7A52B52-6BE7-4752-B2B7-F123F4F5EB12}.Release|ARM64.ActiveCfg = Release|iPhoneSimulator
		{B7A52B52-6BE7-4752-B2B7-F123F4F5EB12}.Release|iPhone.ActiveCfg = Release|iPhoneSimulator
		{B7A52B52-6BE7-4752-B2B7-F123F4F5EB12}.Release|iPhone.Build.0 = Release|iPhoneSimulator
		{B7A52B52-6BE7-4752-B2B7-F123F4F5EB12}.Release|iPhoneSimulator.ActiveCfg = Release|iPhoneSimulator
		{B7A52B52-6BE7-4752-B2B7-F123F4F5EB12}.Release|iPhoneSimulator.Build.0 = Release|iPhoneSimulator
		{B7A52B52-6BE7-4752-B2B7-F123F4F5EB12}.Release|x64.ActiveCfg = Release|iPhoneSimulator
		{B7A52B52-6BE7-4752-B2B7-F123F4F5EB12}.Release|x64.Build.0 = Release|iPhoneSimulator
		{B7A52B52-6BE7-4752-B2B7-F123F4F5EB12}.Release|x86.ActiveCfg = Release|iPhoneSimulator
		{B7A52B52-6BE7-4752-B2B7-F123F4F5EB12}.Release|x86.Build.0 = Release|iPhoneSimulator

		{04D3A50A-BD96-4168-A331-3AC5E63800DE}.Debug|Any CPU.ActiveCfg = Debug|arm64
		{04D3A50A-BD96-4168-A331-3AC5E63800DE}.Debug|Any CPU.Build.0 = Debug|arm64
		{04D3A50A-BD96-4168-A331-3AC5E63800DE}.Debug|ARM.ActiveCfg = Debug|Any CPU
		{04D3A50A-BD96-4168-A331-3AC5E63800DE}.Debug|ARM.Build.0 = Debug|Any CPU
		{04D3A50A-BD96-4168-A331-3AC5E63800DE}.Debug|ARM64.ActiveCfg = Debug|arm64
		{04D3A50A-BD96-4168-A331-3AC5E63800DE}.Debug|ARM64.Build.0 = Debug|arm64
		{04D3A50A-BD96-4168-A331-3AC5E63800DE}.Debug|iPhone.ActiveCfg = Debug|Any CPU
		{04D3A50A-BD96-4168-A331-3AC5E63800DE}.Debug|iPhone.Build.0 = Debug|Any CPU
		{04D3A50A-BD96-4168-A331-3AC5E63800DE}.Debug|iPhoneSimulator.ActiveCfg = Debug|Any CPU
		{04D3A50A-BD96-4168-A331-3AC5E63800DE}.Debug|iPhoneSimulator.Build.0 = Debug|Any CPU
		{04D3A50A-BD96-4168-A331-3AC5E63800DE}.Debug|x64.ActiveCfg = Debug|x64
		{04D3A50A-BD96-4168-A331-3AC5E63800DE}.Debug|x64.Build.0 = Debug|x64
		{04D3A50A-BD96-4168-A331-3AC5E63800DE}.Debug|x86.ActiveCfg = Debug|x86
		{04D3A50A-BD96-4168-A331-3AC5E63800DE}.Debug|x86.Build.0 = Debug|x86
		{04D3A50A-BD96-4168-A331-3AC5E63800DE}.Release|Any CPU.ActiveCfg = Release|Any CPU
		{04D3A50A-BD96-4168-A331-3AC5E63800DE}.Release|Any CPU.Build.0 = Release|Any CPU
		{04D3A50A-BD96-4168-A331-3AC5E63800DE}.Release|ARM.ActiveCfg = Release|Any CPU
		{04D3A50A-BD96-4168-A331-3AC5E63800DE}.Release|ARM.Build.0 = Release|Any CPU
		{04D3A50A-BD96-4168-A331-3AC5E63800DE}.Release|ARM64.ActiveCfg = Release|arm64
		{04D3A50A-BD96-4168-A331-3AC5E63800DE}.Release|ARM64.Build.0 = Release|arm64
		{04D3A50A-BD96-4168-A331-3AC5E63800DE}.Release|iPhone.ActiveCfg = Release|Any CPU
		{04D3A50A-BD96-4168-A331-3AC5E63800DE}.Release|iPhone.Build.0 = Release|Any CPU
		{04D3A50A-BD96-4168-A331-3AC5E63800DE}.Release|iPhoneSimulator.ActiveCfg = Release|Any CPU
		{04D3A50A-BD96-4168-A331-3AC5E63800DE}.Release|iPhoneSimulator.Build.0 = Release|Any CPU
		{04D3A50A-BD96-4168-A331-3AC5E63800DE}.Release|x64.ActiveCfg = Release|x64
		{04D3A50A-BD96-4168-A331-3AC5E63800DE}.Release|x64.Build.0 = Release|x64
		{04D3A50A-BD96-4168-A331-3AC5E63800DE}.Release|x86.ActiveCfg = Release|x86
		{04D3A50A-BD96-4168-A331-3AC5E63800DE}.Release|x86.Build.0 = Release|x86


	EndGlobalSection
	GlobalSection(SolutionProperties) = preSolution
		HideSolutionNode = FALSE
	EndGlobalSection
	GlobalSection(ExtensibilityGlobals) = postSolution
		SolutionGuid = {C7433AE2-B1A0-4C1A-887E-5CAA7AAF67A6}
	EndGlobalSection
EndGlobal
